
Microsoft Visual Studio Solution File, Format Version 12.00
# Visual Studio Version 17
VisualStudioVersion = 17.0.32014.148
MinimumVisualStudioVersion = 10.0.40219.1
Project("{9A19103F-16F7-4668-BE54-9A1E7A4F7556}") = "UI", "UI\UI.csproj", "{54DAB7B7-2448-412F-BE51-1CEDAC13B9D1}"
	ProjectSection(ProjectDependencies) = postProject
		{83C035DF-F55F-422F-AF25-FD6D1E45507D} = {83C035DF-F55F-422F-AF25-FD6D1E45507D}
	EndProjectSection
EndProject
Project("{FAE04EC0-301F-11D3-BF4B-00C04F79EFBC}") = "Library", "Library\Library.csproj", "{83C035DF-F55F-422F-AF25-FD6D1E45507D}"
EndProject
Global
	GlobalSection(SolutionConfigurationPlatforms) = preSolution
		Debug|Any CPU = Debug|Any CPU
		Release|Any CPU = Release|Any CPU
	EndGlobalSection
	GlobalSection(ProjectConfigurationPlatforms) = postSolution
		{54DAB7B7-2448-412F-BE51-1CEDAC13B9D1}.Debug|Any CPU.ActiveCfg = Debug|Any CPU
		{54DAB7B7-2448-412F-BE51-1CEDAC13B9D1}.Debug|Any CPU.Build.0 = Debug|Any CPU
		{54DAB7B7-2448-412F-BE51-1CEDAC13B9D1}.Release|Any CPU.ActiveCfg = Release|Any CPU
		{54DAB7B7-2448-412F-BE51-1CEDAC13B9D1}.Release|Any CPU.Build.0 = Release|Any CPU
		{83C035DF-F55F-422F-AF25-FD6D1E45507D}.Debug|Any CPU.ActiveCfg = Debug|Any CPU
		{83C035DF-F55F-422F-AF25-FD6D1E45507D}.Debug|Any CPU.Build.0 = Debug|Any CPU
		{83C035DF-F55F-422F-AF25-FD6D1E45507D}.Release|Any CPU.ActiveCfg = Release|Any CPU
		{83C035DF-F55F-422F-AF25-FD6D1E45507D}.Release|Any CPU.Build.0 = Release|Any CPU
	EndGlobalSection
	GlobalSection(SolutionProperties) = preSolution
		HideSolutionNode = FALSE
	EndGlobalSection
	GlobalSection(ExtensibilityGlobals) = postSolution
		SolutionGuid = {DB7D419E-2D1E-451B-89B0-401E6B31B870}
	EndGlobalSection
EndGlobal
